
Microsoft Visual Studio Solution File, Format Version 12.00
# Visual Studio Version 17
VisualStudioVersion = 17.6.33829.357
MinimumVisualStudioVersion = 10.0.40219.1
Project("{FAE04EC0-301F-11D3-BF4B-00C04F79EFBC}") = "GameServer", "GameServer\GameServer.csproj", "{B2D0AB9C-E85C-4139-9B85-F38DCD748526}"
EndProject
Global
	GlobalSection(SolutionConfigurationPlatforms) = preSolution
		Debug|Any CPU = Debug|Any CPU
		Release|Any CPU = Release|Any CPU
	EndGlobalSection
	GlobalSection(ProjectConfigurationPlatforms) = postSolution
		{B2D0AB9C-E85C-4139-9B85-F38DCD748526}.Debug|Any CPU.ActiveCfg = Debug|Any CPU
		{B2D0AB9C-E85C-4139-9B85-F38DCD748526}.Debug|Any CPU.Build.0 = Debug|Any CPU
		{B2D0AB9C-E85C-4139-9B85-F38DCD748526}.Release|Any CPU.ActiveCfg = Release|Any CPU
		{B2D0AB9C-E85C-4139-9B85-F38DCD748526}.Release|Any CPU.Build.0 = Release|Any CPU
	EndGlobalSection
	GlobalSection(SolutionProperties) = preSolution
		HideSolutionNode = FALSE
	EndGlobalSection
	GlobalSection(ExtensibilityGlobals) = postSolution
		SolutionGuid = {AD545E72-4B0C-486E-BBFE-191CF38F53A3}
	EndGlobalSection
EndGlobal
